<Solution>
  <Folder Name="/Solution Items/">
    <File Path="../../../../Downloads/grok-video-da31a307-e658-4174-bcf2-34479a7c4151.mp4" />
    <File Path="CHANGELOG.md" />
  </Folder>
  <Project Path="IAT Design WPF/IAT Design WPF.csproj" />
  <Project Path="IAT.Core/IAT.Core.csproj" />
  <Project Path="IAT.VIewModels/IAT.ViewModels.csproj" />
  <Project Path="IAT.Views/IAT.Views.csproj" />
</Solution>
